// !$*UTF8*$!
{
	archiveVersion = 1;
	classes = {
	};
	objectVersion = 56;
	objects = {

/* Begin PBXBuildFile section */
		CE37D30728EF943A002F68FB /* AppDelegate.swift in Sources */ = {isa = PBXBuildFile; fileRef = CE37D30628EF943A002F68FB /* AppDelegate.swift */; };
		CE37D30928EF943A002F68FB /* SceneDelegate.swift in Sources */ = {isa = PBXBuildFile; fileRef = CE37D30828EF943A002F68FB /* SceneDelegate.swift */; };
		CE37D30B28EF943A002F68FB /* ViewController.swift in Sources */ = {isa = PBXBuildFile; fileRef = CE37D30A28EF943A002F68FB /* ViewController.swift */; };
		CE37D31028EF943C002F68FB /* Assets.xcassets in Resources */ = {isa = PBXBuildFile; fileRef = CE37D30F28EF943C002F68FB /* Assets.xcassets */; };
		CE37D31328EF943C002F68FB /* LaunchScreen.storyboard in Resources */ = {isa = PBXBuildFile; fileRef = CE37D31128EF943C002F68FB /* LaunchScreen.storyboard */; };
		CE37D32128EF945D002F68FB /* UnitTestsTests.swift in Sources */ = {isa = PBXBuildFile; fileRef = CE37D32028EF945D002F68FB /* UnitTestsTests.swift */; };
		CE37D32A28EF94D4002F68FB /* Presenter.swift in Sources */ = {isa = PBXBuildFile; fileRef = CE37D32928EF94D4002F68FB /* Presenter.swift */; };
		CE37D32D28EF9529002F68FB /* Service.swift in Sources */ = {isa = PBXBuildFile; fileRef = CE37D32C28EF9529002F68FB /* Service.swift */; };
		CE37D33028EF9720002F68FB /* PresenterTests.swift in Sources */ = {isa = PBXBuildFile; fileRef = CE37D32F28EF9720002F68FB /* PresenterTests.swift */; };
		CE37D33328EF9AAE002F68FB /* Factory.swift in Sources */ = {isa = PBXBuildFile; fileRef = CE37D33228EF9AAE002F68FB /* Factory.swift */; };
		CE37D34828F1DE1A002F68FB /* AlertPresentable.swift in Sources */ = {isa = PBXBuildFile; fileRef = CE37D34728F1DE1A002F68FB /* AlertPresentable.swift */; };
		CE37D34B28F1DF53002F68FB /* Model.swift in Sources */ = {isa = PBXBuildFile; fileRef = CE37D34A28F1DF53002F68FB /* Model.swift */; };
/* End PBXBuildFile section */

/* Begin PBXContainerItemProxy section */
		CE37D32228EF945D002F68FB /* PBXContainerItemProxy */ = {
			isa = PBXContainerItemProxy;
			containerPortal = CE37D2FB28EF943A002F68FB /* Project object */;
			proxyType = 1;
			remoteGlobalIDString = CE37D30228EF943A002F68FB;
			remoteInfo = UnitTests;
		};
/* End PBXContainerItemProxy section */

/* Begin PBXFileReference section */
		CE37D30328EF943A002F68FB /* UnitTests.app */ = {isa = PBXFileReference; explicitFileType = wrapper.application; includeInIndex = 0; path = UnitTests.app; sourceTree = BUILT_PRODUCTS_DIR; };
		CE37D30628EF943A002F68FB /* AppDelegate.swift */ = {isa = PBXFileReference; lastKnownFileType = sourcecode.swift; path = AppDelegate.swift; sourceTree = "<group>"; };
		CE37D30828EF943A002F68FB /* SceneDelegate.swift */ = {isa = PBXFileReference; lastKnownFileType = sourcecode.swift; path = SceneDelegate.swift; sourceTree = "<group>"; };
		CE37D30A28EF943A002F68FB /* ViewController.swift */ = {isa = PBXFileReference; lastKnownFileType = sourcecode.swift; path = ViewController.swift; sourceTree = "<group>"; };
		CE37D30F28EF943C002F68FB /* Assets.xcassets */ = {isa = PBXFileReference; lastKnownFileType = folder.assetcatalog; path = Assets.xcassets; sourceTree = "<group>"; };
		CE37D31228EF943C002F68FB /* Base */ = {isa = PBXFileReference; lastKnownFileType = file.storyboard; name = Base; path = Base.lproj/LaunchScreen.storyboard; sourceTree = "<group>"; };
		CE37D31428EF943C002F68FB /* Info.plist */ = {isa = PBXFileReference; lastKnownFileType = text.plist.xml; path = Info.plist; sourceTree = "<group>"; };
		CE37D31E28EF945D002F68FB /* UnitTestsTests.xctest */ = {isa = PBXFileReference; explicitFileType = wrapper.cfbundle; includeInIndex = 0; path = UnitTestsTests.xctest; sourceTree = BUILT_PRODUCTS_DIR; };
		CE37D32028EF945D002F68FB /* UnitTestsTests.swift */ = {isa = PBXFileReference; lastKnownFileType = sourcecode.swift; path = UnitTestsTests.swift; sourceTree = "<group>"; };
		CE37D32928EF94D4002F68FB /* Presenter.swift */ = {isa = PBXFileReference; lastKnownFileType = sourcecode.swift; path = Presenter.swift; sourceTree = "<group>"; };
		CE37D32C28EF9529002F68FB /* Service.swift */ = {isa = PBXFileReference; lastKnownFileType = sourcecode.swift; path = Service.swift; sourceTree = "<group>"; };
		CE37D32F28EF9720002F68FB /* PresenterTests.swift */ = {isa = PBXFileReference; lastKnownFileType = sourcecode.swift; path = PresenterTests.swift; sourceTree = "<group>"; };
		CE37D33228EF9AAE002F68FB /* Factory.swift */ = {isa = PBXFileReference; lastKnownFileType = sourcecode.swift; path = Factory.swift; sourceTree = "<group>"; };
		CE37D34728F1DE1A002F68FB /* AlertPresentable.swift */ = {isa = PBXFileReference; lastKnownFileType = sourcecode.swift; path = AlertPresentable.swift; sourceTree = "<group>"; };
		CE37D34A28F1DF53002F68FB /* Model.swift */ = {isa = PBXFileReference; lastKnownFileType = sourcecode.swift; path = Model.swift; sourceTree = "<group>"; };
/* End PBXFileReference section */

/* Begin PBXFrameworksBuildPhase section */
		CE37D30028EF943A002F68FB /* Frameworks */ = {
			isa = PBXFrameworksBuildPhase;
			buildActionMask = 2147483647;
			files = (
			);
			runOnlyForDeploymentPostprocessing = 0;
		};
		CE37D31B28EF945D002F68FB /* Frameworks */ = {
			isa = PBXFrameworksBuildPhase;
			buildActionMask = 2147483647;
			files = (
			);
			runOnlyForDeploymentPostprocessing = 0;
		};
/* End PBXFrameworksBuildPhase section */

/* Begin PBXGroup section */
		CE37D2FA28EF943A002F68FB = {
			isa = PBXGroup;
			children = (
				CE37D30528EF943A002F68FB /* UnitTests */,
				CE37D31F28EF945D002F68FB /* UnitTestsTests */,
				CE37D30428EF943A002F68FB /* Products */,
			);
			sourceTree = "<group>";
		};
		CE37D30428EF943A002F68FB /* Products */ = {
			isa = PBXGroup;
			children = (
				CE37D30328EF943A002F68FB /* UnitTests.app */,
				CE37D31E28EF945D002F68FB /* UnitTestsTests.xctest */,
			);
			name = Products;
			sourceTree = "<group>";
		};
		CE37D30528EF943A002F68FB /* UnitTests */ = {
			isa = PBXGroup;
			children = (
				CE37D34928F1DF4D002F68FB /* Model */,
				CE37D34628F1DE05002F68FB /* AlertPresentable */,
				CE37D33128EF9AA7002F68FB /* Factory */,
				CE37D32B28EF9521002F68FB /* Service */,
				CE37D32828EF946E002F68FB /* Presenter */,
				CE37D32728EF9465002F68FB /* View */,
				CE37D30628EF943A002F68FB /* AppDelegate.swift */,
				CE37D30828EF943A002F68FB /* SceneDelegate.swift */,
				CE37D30F28EF943C002F68FB /* Assets.xcassets */,
				CE37D31128EF943C002F68FB /* LaunchScreen.storyboard */,
				CE37D31428EF943C002F68FB /* Info.plist */,
			);
			path = UnitTests;
			sourceTree = "<group>";
		};
		CE37D31F28EF945D002F68FB /* UnitTestsTests */ = {
			isa = PBXGroup;
			children = (
				CE37D32E28EF9712002F68FB /* Presenter */,
				CE37D32028EF945D002F68FB /* UnitTestsTests.swift */,
			);
			path = UnitTestsTests;
			sourceTree = "<group>";
		};
		CE37D32728EF9465002F68FB /* View */ = {
			isa = PBXGroup;
			children = (
				CE37D30A28EF943A002F68FB /* ViewController.swift */,
			);
			path = View;
			sourceTree = "<group>";
		};
		CE37D32828EF946E002F68FB /* Presenter */ = {
			isa = PBXGroup;
			children = (
				CE37D32928EF94D4002F68FB /* Presenter.swift */,
			);
			path = Presenter;
			sourceTree = "<group>";
		};
		CE37D32B28EF9521002F68FB /* Service */ = {
			isa = PBXGroup;
			children = (
				CE37D32C28EF9529002F68FB /* Service.swift */,
			);
			path = Service;
			sourceTree = "<group>";
		};
		CE37D32E28EF9712002F68FB /* Presenter */ = {
			isa = PBXGroup;
			children = (
				CE37D32F28EF9720002F68FB /* PresenterTests.swift */,
			);
			path = Presenter;
			sourceTree = "<group>";
		};
		CE37D33128EF9AA7002F68FB /* Factory */ = {
			isa = PBXGroup;
			children = (
				CE37D33228EF9AAE002F68FB /* Factory.swift */,
			);
			path = Factory;
			sourceTree = "<group>";
		};
		CE37D34628F1DE05002F68FB /* AlertPresentable */ = {
			isa = PBXGroup;
			children = (
				CE37D34728F1DE1A002F68FB /* AlertPresentable.swift */,
			);
			path = AlertPresentable;
			sourceTree = "<group>";
		};
		CE37D34928F1DF4D002F68FB /* Model */ = {
			isa = PBXGroup;
			children = (
				CE37D34A28F1DF53002F68FB /* Model.swift */,
			);
			path = Model;
			sourceTree = "<group>";
		};
/* End PBXGroup section */

/* Begin PBXNativeTarget section */
		CE37D30228EF943A002F68FB /* UnitTests */ = {
			isa = PBXNativeTarget;
			buildConfigurationList = CE37D31728EF943C002F68FB /* Build configuration list for PBXNativeTarget "UnitTests" */;
			buildPhases = (
				CE37D2FF28EF943A002F68FB /* Sources */,
				CE37D30028EF943A002F68FB /* Frameworks */,
				CE37D30128EF943A002F68FB /* Resources */,
			);
			buildRules = (
			);
			dependencies = (
			);
			name = UnitTests;
			productName = UnitTests;
			productReference = CE37D30328EF943A002F68FB /* UnitTests.app */;
			productType = "com.apple.product-type.application";
		};
		CE37D31D28EF945D002F68FB /* UnitTestsTests */ = {
			isa = PBXNativeTarget;
			buildConfigurationList = CE37D32428EF945D002F68FB /* Build configuration list for PBXNativeTarget "UnitTestsTests" */;
			buildPhases = (
				CE37D31A28EF945D002F68FB /* Sources */,
				CE37D31B28EF945D002F68FB /* Frameworks */,
				CE37D31C28EF945D002F68FB /* Resources */,
			);
			buildRules = (
			);
			dependencies = (
				CE37D32328EF945D002F68FB /* PBXTargetDependency */,
			);
			name = UnitTestsTests;
			productName = UnitTestsTests;
			productReference = CE37D31E28EF945D002F68FB /* UnitTestsTests.xctest */;
			productType = "com.apple.product-type.bundle.unit-test";
		};
/* End PBXNativeTarget section */

/* Begin PBXProject section */
		CE37D2FB28EF943A002F68FB /* Project object */ = {
			isa = PBXProject;
			attributes = {
				BuildIndependentTargetsInParallel = 1;
				LastSwiftUpdateCheck = 1400;
				LastUpgradeCheck = 1400;
				TargetAttributes = {
					CE37D30228EF943A002F68FB = {
						CreatedOnToolsVersion = 14.0.1;
					};
					CE37D31D28EF945D002F68FB = {
						CreatedOnToolsVersion = 14.0.1;
						TestTargetID = CE37D30228EF943A002F68FB;
					};
				};
			};
			buildConfigurationList = CE37D2FE28EF943A002F68FB /* Build configuration list for PBXProject "UnitTests" */;
			compatibilityVersion = "Xcode 14.0";
			developmentRegion = en;
			hasScannedForEncodings = 0;
			knownRegions = (
				en,
				Base,
			);
			mainGroup = CE37D2FA28EF943A002F68FB;
			productRefGroup = CE37D30428EF943A002F68FB /* Products */;
			projectDirPath = "";
			projectRoot = "";
			targets = (
				CE37D30228EF943A002F68FB /* UnitTests */,
				CE37D31D28EF945D002F68FB /* UnitTestsTests */,
			);
		};
/* End PBXProject section */

/* Begin PBXResourcesBuildPhase section */
		CE37D30128EF943A002F68FB /* Resources */ = {
			isa = PBXResourcesBuildPhase;
			buildActionMask = 2147483647;
			files = (
				CE37D31328EF943C002F68FB /* LaunchScreen.storyboard in Resources */,
				CE37D31028EF943C002F68FB /* Assets.xcassets in Resources */,
			);
			runOnlyForDeploymentPostprocessing = 0;
		};
		CE37D31C28EF945D002F68FB /* Resources */ = {
			isa = PBXResourcesBuildPhase;
			buildActionMask = 2147483647;
			files = (
			);
			runOnlyForDeploymentPostprocessing = 0;
		};
/* End PBXResourcesBuildPhase section */

/* Begin PBXSourcesBuildPhase section */
		CE37D2FF28EF943A002F68FB /* Sources */ = {
			isa = PBXSourcesBuildPhase;
			buildActionMask = 2147483647;
			files = (
				CE37D34828F1DE1A002F68FB /* AlertPresentable.swift in Sources */,
				CE37D30B28EF943A002F68FB /* ViewController.swift in Sources */,
				CE37D30728EF943A002F68FB /* AppDelegate.swift in Sources */,
				CE37D33328EF9AAE002F68FB /* Factory.swift in Sources */,
				CE37D32D28EF9529002F68FB /* Service.swift in Sources */,
				CE37D32A28EF94D4002F68FB /* Presenter.swift in Sources */,
				CE37D30928EF943A002F68FB /* SceneDelegate.swift in Sources */,
				CE37D34B28F1DF53002F68FB /* Model.swift in Sources */,
			);
			runOnlyForDeploymentPostprocessing = 0;
		};
		CE37D31A28EF945D002F68FB /* Sources */ = {
			isa = PBXSourcesBuildPhase;
			buildActionMask = 2147483647;
			files = (
				CE37D33028EF9720002F68FB /* PresenterTests.swift in Sources */,
				CE37D32128EF945D002F68FB /* UnitTestsTests.swift in Sources */,
			);
			runOnlyForDeploymentPostprocessing = 0;
		};
/* End PBXSourcesBuildPhase section */

/* Begin PBXTargetDependency section */
		CE37D32328EF945D002F68FB /* PBXTargetDependency */ = {
			isa = PBXTargetDependency;
			target = CE37D30228EF943A002F68FB /* UnitTests */;
			targetProxy = CE37D32228EF945D002F68FB /* PBXContainerItemProxy */;
		};
/* End PBXTargetDependency section */

/* Begin PBXVariantGroup section */
		CE37D31128EF943C002F68FB /* LaunchScreen.storyboard */ = {
			isa = PBXVariantGroup;
			children = (
				CE37D31228EF943C002F68FB /* Base */,
			);
			name = LaunchScreen.storyboard;
			sourceTree = "<group>";
		};
/* End PBXVariantGroup section */

/* Begin XCBuildConfiguration section */
		CE37D31528EF943C002F68FB /* Debug */ = {
			isa = XCBuildConfiguration;
			buildSettings = {
				ALWAYS_SEARCH_USER_PATHS = NO;
				CLANG_ANALYZER_NONNULL = YES;
				CLANG_ANALYZER_NUMBER_OBJECT_CONVERSION = YES_AGGRESSIVE;
				CLANG_CXX_LANGUAGE_STANDARD = "gnu++20";
				CLANG_ENABLE_MODULES = YES;
				CLANG_ENABLE_OBJC_ARC = YES;
				CLANG_ENABLE_OBJC_WEAK = YES;
				CLANG_WARN_BLOCK_CAPTURE_AUTORELEASING = YES;
				CLANG_WARN_BOOL_CONVERSION = YES;
				CLANG_WARN_COMMA = YES;
				CLANG_WARN_CONSTANT_CONVERSION = YES;
				CLANG_WARN_DEPRECATED_OBJC_IMPLEMENTATIONS = YES;
				CLANG_WARN_DIRECT_OBJC_ISA_USAGE = YES_ERROR;
				CLANG_WARN_DOCUMENTATION_COMMENTS = YES;
				CLANG_WARN_EMPTY_BODY = YES;
				CLANG_WARN_ENUM_CONVERSION = YES;
				CLANG_WARN_INFINITE_RECURSION = YES;
				CLANG_WARN_INT_CONVERSION = YES;
				CLANG_WARN_NON_LITERAL_NULL_CONVERSION = YES;
				CLANG_WARN_OBJC_IMPLICIT_RETAIN_SELF = YES;
				CLANG_WARN_OBJC_LITERAL_CONVERSION = YES;
				CLANG_WARN_OBJC_ROOT_CLASS = YES_ERROR;
				CLANG_WARN_QUOTED_INCLUDE_IN_FRAMEWORK_HEADER = YES;
				CLANG_WARN_RANGE_LOOP_ANALYSIS = YES;
				CLANG_WARN_STRICT_PROTOTYPES = YES;
				CLANG_WARN_SUSPICIOUS_MOVE = YES;
				CLANG_WARN_UNGUARDED_AVAILABILITY = YES_AGGRESSIVE;
				CLANG_WARN_UNREACHABLE_CODE = YES;
				CLANG_WARN__DUPLICATE_METHOD_MATCH = YES;
				COPY_PHASE_STRIP = NO;
				DEBUG_INFORMATION_FORMAT = dwarf;
				ENABLE_STRICT_OBJC_MSGSEND = YES;
				ENABLE_TESTABILITY = YES;
				GCC_C_LANGUAGE_STANDARD = gnu11;
				GCC_DYNAMIC_NO_PIC = NO;
				GCC_NO_COMMON_BLOCKS = YES;
				GCC_OPTIMIZATION_LEVEL = 0;
				GCC_PREPROCESSOR_DEFINITIONS = (
					"DEBUG=1",
					"$(inherited)",
				);
				GCC_WARN_64_TO_32_BIT_CONVERSION = YES;
				GCC_WARN_ABOUT_RETURN_TYPE = YES_ERROR;
				GCC_WARN_UNDECLARED_SELECTOR = YES;
				GCC_WARN_UNINITIALIZED_AUTOS = YES_AGGRESSIVE;
				GCC_WARN_UNUSED_FUNCTION = YES;
				GCC_WARN_UNUSED_VARIABLE = YES;
				IPHONEOS_DEPLOYMENT_TARGET = 16.0;
				MTL_ENABLE_DEBUG_INFO = INCLUDE_SOURCE;
				MTL_FAST_MATH = YES;
				ONLY_ACTIVE_ARCH = YES;
				SDKROOT = iphoneos;
				SWIFT_ACTIVE_COMPILATION_CONDITIONS = DEBUG;
				SWIFT_OPTIMIZATION_LEVEL = "-Onone";
			};
			name = Debug;
		};
		CE37D31628EF943C002F68FB /* Release */ = {
			isa = XCBuildConfiguration;
			buildSettings = {
				ALWAYS_SEARCH_USER_PATHS = NO;
				CLANG_ANALYZER_NONNULL = YES;
				CLANG_ANALYZER_NUMBER_OBJECT_CONVERSION = YES_AGGRESSIVE;
				CLANG_CXX_LANGUAGE_STANDARD = "gnu++20";
				CLANG_ENABLE_MODULES = YES;
				CLANG_ENABLE_OBJC_ARC = YES;
				CLANG_ENABLE_OBJC_WEAK = YES;
				CLANG_WARN_BLOCK_CAPTURE_AUTORELEASING = YES;
				CLANG_WARN_BOOL_CONVERSION = YES;
				CLANG_WARN_COMMA = YES;
				CLANG_WARN_CONSTANT_CONVERSION = YES;
				CLANG_WARN_DEPRECATED_OBJC_IMPLEMENTATIONS = YES;
				CLANG_WARN_DIRECT_OBJC_ISA_USAGE = YES_ERROR;
				CLANG_WARN_DOCUMENTATION_COMMENTS = YES;
				CLANG_WARN_EMPTY_BODY = YES;
				CLANG_WARN_ENUM_CONVERSION = YES;
				CLANG_WARN_INFINITE_RECURSION = YES;
				CLANG_WARN_INT_CONVERSION = YES;
				CLANG_WARN_NON_LITERAL_NULL_CONVERSION = YES;
				CLANG_WARN_OBJC_IMPLICIT_RETAIN_SELF = YES;
				CLANG_WARN_OBJC_LITERAL_CONVERSION = YES;
				CLANG_WARN_OBJC_ROOT_CLASS = YES_ERROR;
				CLANG_WARN_QUOTED_INCLUDE_IN_FRAMEWORK_HEADER = YES;
				CLANG_WARN_RANGE_LOOP_ANALYSIS = YES;
				CLANG_WARN_STRICT_PROTOTYPES = YES;
				CLANG_WARN_SUSPICIOUS_MOVE = YES;
				CLANG_WARN_UNGUARDED_AVAILABILITY = YES_AGGRESSIVE;
				CLANG_WARN_UNREACHABLE_CODE = YES;
				CLANG_WARN__DUPLICATE_METHOD_MATCH = YES;
				COPY_PHASE_STRIP = NO;
				DEBUG_INFORMATION_FORMAT = "dwarf-with-dsym";
				ENABLE_NS_ASSERTIONS = NO;
				ENABLE_STRICT_OBJC_MSGSEND = YES;
				GCC_C_LANGUAGE_STANDARD = gnu11;
				GCC_NO_COMMON_BLOCKS = YES;
				GCC_WARN_64_TO_32_BIT_CONVERSION = YES;
				GCC_WARN_ABOUT_RETURN_TYPE = YES_ERROR;
				GCC_WARN_UNDECLARED_SELECTOR = YES;
				GCC_WARN_UNINITIALIZED_AUTOS = YES_AGGRESSIVE;
				GCC_WARN_UNUSED_FUNCTION = YES;
				GCC_WARN_UNUSED_VARIABLE = YES;
				IPHONEOS_DEPLOYMENT_TARGET = 16.0;
				MTL_ENABLE_DEBUG_INFO = NO;
				MTL_FAST_MATH = YES;
				SDKROOT = iphoneos;
				SWIFT_COMPILATION_MODE = wholemodule;
				SWIFT_OPTIMIZATION_LEVEL = "-O";
				VALIDATE_PRODUCT = YES;
			};
			name = Release;
		};
		CE37D31828EF943C002F68FB /* Debug */ = {
			isa = XCBuildConfiguration;
			buildSettings = {
				ASSETCATALOG_COMPILER_APPICON_NAME = AppIcon;
				ASSETCATALOG_COMPILER_GLOBAL_ACCENT_COLOR_NAME = AccentColor;
				CODE_SIGN_STYLE = Automatic;
				CURRENT_PROJECT_VERSION = 1;
				GENERATE_INFOPLIST_FILE = YES;
				INFOPLIST_FILE = UnitTests/Info.plist;
				INFOPLIST_KEY_UIApplicationSupportsIndirectInputEvents = YES;
				INFOPLIST_KEY_UILaunchStoryboardName = LaunchScreen;
				INFOPLIST_KEY_UISupportedInterfaceOrientations = UIInterfaceOrientationPortrait;
				INFOPLIST_KEY_UISupportedInterfaceOrientations_iPad = "UIInterfaceOrientationLandscapeLeft UIInterfaceOrientationLandscapeRight UIInterfaceOrientationPortrait UIInterfaceOrientationPortraitUpsideDown";
				LD_RUNPATH_SEARCH_PATHS = (
					"$(inherited)",
					"@executable_path/Frameworks",
				);
				MARKETING_VERSION = 1.0;
				PRODUCT_BUNDLE_IDENTIFIER = sales.mentor.nnt.com.UnitTests;
				PRODUCT_NAME = "$(TARGET_NAME)";
				SUPPORTED_PLATFORMS = "iphoneos iphonesimulator";
				SUPPORTS_MACCATALYST = NO;
				SUPPORTS_MAC_DESIGNED_FOR_IPHONE_IPAD = NO;
				SWIFT_EMIT_LOC_STRINGS = YES;
				SWIFT_VERSION = 5.0;
				TARGETED_DEVICE_FAMILY = 1;
			};
			name = Debug;
		};
		CE37D31928EF943C002F68FB /* Release */ = {
			isa = XCBuildConfiguration;
			buildSettings = {
				ASSETCATALOG_COMPILER_APPICON_NAME = AppIcon;
				ASSETCATALOG_COMPILER_GLOBAL_ACCENT_COLOR_NAME = AccentColor;
				CODE_SIGN_STYLE = Automatic;
				CURRENT_PROJECT_VERSION = 1;
				GENERATE_INFOPLIST_FILE = YES;
				INFOPLIST_FILE = UnitTests/Info.plist;
				INFOPLIST_KEY_UIApplicationSupportsIndirectInputEvents = YES;
				INFOPLIST_KEY_UILaunchStoryboardName = LaunchScreen;
				INFOPLIST_KEY_UISupportedInterfaceOrientations = UIInterfaceOrientationPortrait;
				INFOPLIST_KEY_UISupportedInterfaceOrientations_iPad = "UIInterfaceOrientationLandscapeLeft UIInterfaceOrientationLandscapeRight UIInterfaceOrientationPortrait UIInterfaceOrientationPortraitUpsideDown";
				LD_RUNPATH_SEARCH_PATHS = (
					"$(inherited)",
					"@executable_path/Frameworks",
				);
				MARKETING_VERSION = 1.0;
				PRODUCT_BUNDLE_IDENTIFIER = sales.mentor.nnt.com.UnitTests;
				PRODUCT_NAME = "$(TARGET_NAME)";
				SUPPORTED_PLATFORMS = "iphoneos iphonesimulator";
				SUPPORTS_MACCATALYST = NO;
				SUPPORTS_MAC_DESIGNED_FOR_IPHONE_IPAD = NO;
				SWIFT_EMIT_LOC_STRINGS = YES;
				SWIFT_VERSION = 5.0;
				TARGETED_DEVICE_FAMILY = 1;
			};
			name = Release;
		};
		CE37D32528EF945D002F68FB /* Debug */ = {
			isa = XCBuildConfiguration;
			buildSettings = {
				BUNDLE_LOADER = "$(TEST_HOST)";
				CODE_SIGN_STYLE = Automatic;
				CURRENT_PROJECT_VERSION = 1;
				GENERATE_INFOPLIST_FILE = YES;
				MARKETING_VERSION = 1.0;
				PRODUCT_BUNDLE_IDENTIFIER = sales.mentor.nnt.com.UnitTestsTests;
				PRODUCT_NAME = "$(TARGET_NAME)";
				SWIFT_EMIT_LOC_STRINGS = NO;
				SWIFT_VERSION = 5.0;
				TARGETED_DEVICE_FAMILY = "1,2";
				TEST_HOST = "$(BUILT_PRODUCTS_DIR)/UnitTests.app/$(BUNDLE_EXECUTABLE_FOLDER_PATH)/UnitTests";
			};
			name = Debug;
		};
		CE37D32628EF945D002F68FB /* Release */ = {
			isa = XCBuildConfiguration;
			buildSettings = {
				BUNDLE_LOADER = "$(TEST_HOST)";
				CODE_SIGN_STYLE = Automatic;
				CURRENT_PROJECT_VERSION = 1;
				GENERATE_INFOPLIST_FILE = YES;
				MARKETING_VERSION = 1.0;
				PRODUCT_BUNDLE_IDENTIFIER = sales.mentor.nnt.com.UnitTestsTests;
				PRODUCT_NAME = "$(TARGET_NAME)";
				SWIFT_EMIT_LOC_STRINGS = NO;
				SWIFT_VERSION = 5.0;
				TARGETED_DEVICE_FAMILY = "1,2";
				TEST_HOST = "$(BUILT_PRODUCTS_DIR)/UnitTests.app/$(BUNDLE_EXECUTABLE_FOLDER_PATH)/UnitTests";
			};
			name = Release;
		};
/* End XCBuildConfiguration section */

/* Begin XCConfigurationList section */
		CE37D2FE28EF943A002F68FB /* Build configuration list for PBXProject "UnitTests" */ = {
			isa = XCConfigurationList;
			buildConfigurations = (
				CE37D31528EF943C002F68FB /* Debug */,
				CE37D31628EF943C002F68FB /* Release */,
			);
			defaultConfigurationIsVisible = 0;
			defaultConfigurationName = Release;
		};
		CE37D31728EF943C002F68FB /* Build configuration list for PBXNativeTarget "UnitTests" */ = {
			isa = XCConfigurationList;
			buildConfigurations = (
				CE37D31828EF943C002F68FB /* Debug */,
				CE37D31928EF943C002F68FB /* Release */,
			);
			defaultConfigurationIsVisible = 0;
			defaultConfigurationName = Release;
		};
		CE37D32428EF945D002F68FB /* Build configuration list for PBXNativeTarget "UnitTestsTests" */ = {
			isa = XCConfigurationList;
			buildConfigurations = (
				CE37D32528EF945D002F68FB /* Debug */,
				CE37D32628EF945D002F68FB /* Release */,
			);
			defaultConfigurationIsVisible = 0;
			defaultConfigurationName = Release;
		};
/* End XCConfigurationList section */
	};
	rootObject = CE37D2FB28EF943A002F68FB /* Project object */;
}
